
Microsoft Visual Studio Solution File, Format Version 12.00
# Visual Studio Version 16
VisualStudioVersion = 16.0.29709.97
MinimumVisualStudioVersion = 10.0.40219.1
Project("{8BC9CEB8-8B4A-11D0-8D11-00A0C91BC942}") = "A1 - Templated Priority Queue", "A1 - Templated Priority Queue\A1 - Templated Priority Queue.vcxproj", "{BBBE5849-E199-4CCE-B9C3-6411D73C64BB}"
EndProject
Global
	GlobalSection(SolutionConfigurationPlatforms) = preSolution
		Debug|x86 = Debug|x86
		Release|x86 = Release|x86
	EndGlobalSection
	GlobalSection(ProjectConfigurationPlatforms) = postSolution
		{BBBE5849-E199-4CCE-B9C3-6411D73C64BB}.Debug|x86.ActiveCfg = Debug|Win32
		{BBBE5849-E199-4CCE-B9C3-6411D73C64BB}.Debug|x86.Build.0 = Debug|Win32
		{BBBE5849-E199-4CCE-B9C3-6411D73C64BB}.Release|x86.ActiveCfg = Release|Win32
		{BBBE5849-E199-4CCE-B9C3-6411D73C64BB}.Release|x86.Build.0 = Release|Win32
	EndGlobalSection
	GlobalSection(SolutionProperties) = preSolution
		HideSolutionNode = FALSE
	EndGlobalSection
	GlobalSection(ExtensibilityGlobals) = postSolution
		SolutionGuid = {B60BA0DD-0DE2-4A74-8D40-30BB024C7CBF}
	EndGlobalSection
EndGlobal
